
Microsoft Visual Studio Solution File, Format Version 12.00
# Visual Studio Version 17
VisualStudioVersion = 17.8.34322.80
MinimumVisualStudioVersion = 10.0.40219.1
Project("{9A19103F-16F7-4668-BE54-9A1E7A4F7556}") = "Kindred.Domain", "Kindred.Domain\Kindred.Domain.csproj", "{FB693650-D715-4EFA-A7ED-3466CBDACDC4}"
EndProject
Project("{9A19103F-16F7-4668-BE54-9A1E7A4F7556}") = "Kindred.Application", "Kindred.Application\Kindred.Application.csproj", "{854445F6-CA5F-4210-A9C6-F7AB966C6301}"
EndProject
Project("{9A19103F-16F7-4668-BE54-9A1E7A4F7556}") = "Kindred.Infrastructure", "Kindred.Infrastructure\Kindred.Infrastructure.csproj", "{944EFE8B-BD90-428A-A64B-7359AB533C95}"
EndProject
Project("{9A19103F-16F7-4668-BE54-9A1E7A4F7556}") = "Kindred_", "Kindred_\Kindred_.csproj", "{61D6B941-4B3A-4F08-AD1C-9C288AF73B09}"
EndProject
Global
	GlobalSection(SolutionConfigurationPlatforms) = preSolution
		Debug|Any CPU = Debug|Any CPU
		Release|Any CPU = Release|Any CPU
	EndGlobalSection
	GlobalSection(ProjectConfigurationPlatforms) = postSolution
		{FB693650-D715-4EFA-A7ED-3466CBDACDC4}.Debug|Any CPU.ActiveCfg = Debug|Any CPU
		{FB693650-D715-4EFA-A7ED-3466CBDACDC4}.Debug|Any CPU.Build.0 = Debug|Any CPU
		{FB693650-D715-4EFA-A7ED-3466CBDACDC4}.Release|Any CPU.ActiveCfg = Release|Any CPU
		{FB693650-D715-4EFA-A7ED-3466CBDACDC4}.Release|Any CPU.Build.0 = Release|Any CPU
		{854445F6-CA5F-4210-A9C6-F7AB966C6301}.Debug|Any CPU.ActiveCfg = Debug|Any CPU
		{854445F6-CA5F-4210-A9C6-F7AB966C6301}.Debug|Any CPU.Build.0 = Debug|Any CPU
		{854445F6-CA5F-4210-A9C6-F7AB966C6301}.Release|Any CPU.ActiveCfg = Release|Any CPU
		{854445F6-CA5F-4210-A9C6-F7AB966C6301}.Release|Any CPU.Build.0 = Release|Any CPU
		{944EFE8B-BD90-428A-A64B-7359AB533C95}.Debug|Any CPU.ActiveCfg = Debug|Any CPU
		{944EFE8B-BD90-428A-A64B-7359AB533C95}.Debug|Any CPU.Build.0 = Debug|Any CPU
		{944EFE8B-BD90-428A-A64B-7359AB533C95}.Release|Any CPU.ActiveCfg = Release|Any CPU
		{944EFE8B-BD90-428A-A64B-7359AB533C95}.Release|Any CPU.Build.0 = Release|Any CPU
		{61D6B941-4B3A-4F08-AD1C-9C288AF73B09}.Debug|Any CPU.ActiveCfg = Debug|Any CPU
		{61D6B941-4B3A-4F08-AD1C-9C288AF73B09}.Debug|Any CPU.Build.0 = Debug|Any CPU
		{61D6B941-4B3A-4F08-AD1C-9C288AF73B09}.Release|Any CPU.ActiveCfg = Release|Any CPU
		{61D6B941-4B3A-4F08-AD1C-9C288AF73B09}.Release|Any CPU.Build.0 = Release|Any CPU
	EndGlobalSection
	GlobalSection(SolutionProperties) = preSolution
		HideSolutionNode = FALSE
	EndGlobalSection
	GlobalSection(ExtensibilityGlobals) = postSolution
		SolutionGuid = {017CF860-DC8F-4652-9262-F597AEB86E70}
	EndGlobalSection
EndGlobal
